" Generated by vim-plug
" Mon Jun 17 12:54:55 2019
" :source this file in vim to restore the snapshot
" or execute: vim -S snapshot.vim

silent! let g:plugs['CSApprox'].commit = 'a295809'
silent! let g:plugs['SimpylFold'].commit = 'aa0371d'
silent! let g:plugs['auto-pairs'].commit = '39f06b8'
silent! let g:plugs['coc.nvim'].commit = 'a0ab9a09'
silent! let g:plugs['fzf'].commit = '0fdb71f'
silent! let g:plugs['fzf.vim'].commit = '5c87ab8'
silent! let g:plugs['jellybeans.vim'].commit = 'ddf78cf'
silent! let g:plugs['night-owl.vim'].commit = '67e3a6e'
silent! let g:plugs['notational-fzf-vim'].commit = '000206a'
silent! let g:plugs['rainbow'].commit = '04b7723'
silent! let g:plugs['sideways.vim'].commit = '17c03c5'
silent! let g:plugs['tabular'].commit = '339091a'
silent! let g:plugs['tcomment_vim'].commit = '622cc05'
silent! let g:plugs['ultisnips'].commit = '1a99766'
silent! let g:plugs['vim-airline'].commit = '826561d'
silent! let g:plugs['vim-airline-themes'].commit = 'e6f2332'
silent! let g:plugs['vim-bufkill'].commit = '795dd38'
silent! let g:plugs['vim-easymotion'].commit = '85e90c9'
silent! let g:plugs['vim-es2015-snippets'].commit = '3a2cedd'
silent! let g:plugs['vim-eunuch'].commit = 'e066a09'
silent! let g:plugs['vim-expand-region'].commit = '9665135'
silent! let g:plugs['vim-fireplace'].commit = '1f97b27'
silent! let g:plugs['vim-fugitive'].commit = '41a734e'
silent! let g:plugs['vim-indent-guides'].commit = '54d889a'
silent! let g:plugs['vim-jsdoc'].commit = 'b230734'
silent! let g:plugs['vim-jsx-improve'].commit = '16efd12'
silent! let g:plugs['vim-markdown'].commit = '0e43b4c'
silent! let g:plugs['vim-node'].commit = 'ede0477'
silent! let g:plugs['vim-pasta'].commit = 'cb4501a'
silent! let g:plugs['vim-peekaboo'].commit = 'a7c940b'
silent! let g:plugs['vim-polyglot'].commit = 'aebef2c'
silent! let g:plugs['vim-projectionist'].commit = '917d2ae'
silent! let g:plugs['vim-react-snippets'].commit = 'ea6f267'
silent! let g:plugs['vim-repeat'].commit = '0b9b5e7'
silent! let g:plugs['vim-rhubarb'].commit = '70713ca'
silent! let g:plugs['vim-rooter'].commit = 'eef9813'
silent! let g:plugs['vim-sensible'].commit = '8db5a73'
silent! let g:plugs['vim-sexp'].commit = '1229294'
silent! let g:plugs['vim-sexp-mappings-for-regular-people'].commit = 'f5b66e7'
silent! let g:plugs['vim-snippets'].commit = 'a11cf5b'
silent! let g:plugs['vim-surround'].commit = 'ca58a2d'
silent! let g:plugs['vim-vinegar'].commit = '09ac84c'

PlugUpdate!

